
Microsoft Visual Studio Solution File, Format Version 12.00
# Visual Studio Version 17
VisualStudioVersion = 17.10.35122.118
MinimumVisualStudioVersion = 10.0.40219.1
Project("{FAE04EC0-301F-11D3-BF4B-00C04F79EFBC}") = "Birthday_Calculator", "Birthday_Calculator.csproj", "{7B241927-9F77-4ABF-8B1C-D552CA3458CD}"
EndProject
Global
	GlobalSection(SolutionConfigurationPlatforms) = preSolution
		Debug|Any CPU = Debug|Any CPU
		Release|Any CPU = Release|Any CPU
	EndGlobalSection
	GlobalSection(ProjectConfigurationPlatforms) = postSolution
		{7B241927-9F77-4ABF-8B1C-D552CA3458CD}.Debug|Any CPU.ActiveCfg = Debug|Any CPU
		{7B241927-9F77-4ABF-8B1C-D552CA3458CD}.Debug|Any CPU.Build.0 = Debug|Any CPU
		{7B241927-9F77-4ABF-8B1C-D552CA3458CD}.Release|Any CPU.ActiveCfg = Release|Any CPU
		{7B241927-9F77-4ABF-8B1C-D552CA3458CD}.Release|Any CPU.Build.0 = Release|Any CPU
	EndGlobalSection
	GlobalSection(SolutionProperties) = preSolution
		HideSolutionNode = FALSE
	EndGlobalSection
	GlobalSection(ExtensibilityGlobals) = postSolution
		SolutionGuid = {365079B1-4B00-4353-8007-ED144D74C191}
	EndGlobalSection
EndGlobal
